# THIS IS AN AUTOGENERATED FILE. DO NOT EDIT THIS FILE DIRECTLY.
# yarn lockfile v1


echarts@^5.1.1:
  version "5.1.1"
  resolved "https://registry.nlark.com/echarts/download/echarts-5.1.1.tgz#b186f162f017c555cfd67b12ede6762bdc3ddfda"
  integrity sha1-sYbxYvAXxVXP1nsS7eZ2K9w939o=
  dependencies:
    tslib "2.0.3"
    zrender "5.1.0"

three@^0.128.0:
  version "0.128.0"
  resolved "https://registry.nlark.com/three/download/three-0.128.0.tgz#884dacca6a330e45600a09ec5439283f50b76aa6"
  integrity sha1-iE2symozDkVgCgnsVDkoP1C3aqY=

tslib@2.0.3:
  version "2.0.3"
  resolved "https://registry.npm.taobao.org/tslib/download/tslib-2.0.3.tgz?cache=0&sync_timestamp=1617647074515&other_urls=https%3A%2F%2Fregistry.npm.taobao.org%2Ftslib%2Fdownload%2Ftslib-2.0.3.tgz#8e0741ac45fc0c226e58a17bfc3e64b9bc6ca61c"
  integrity sha1-jgdBrEX8DCJuWKF7/D5kubxsphw=

zrender@5.1.0:
  version "5.1.0"
  resolved "https://registry.npm.taobao.org/zrender/download/zrender-5.1.0.tgz?cache=0&sync_timestamp=1618574200827&other_urls=https%3A%2F%2Fregistry.npm.taobao.org%2Fzrender%2Fdownload%2Fzrender-5.1.0.tgz#b6a84c3aa7ccc6642ee0519901ca4c0835c4d85e"
  integrity sha1-tqhMOqfMxmQu4FGZAcpMCDXE2F4=
  dependencies:
    tslib "2.0.3"
